
Microsoft Visual Studio Solution File, Format Version 12.00
# Visual Studio Version 17
VisualStudioVersion = 17.9.34622.214
MinimumVisualStudioVersion = 10.0.40219.1
Project("{888888A0-9F3D-457C-B088-3A5042F75D52}") = "PythonApplication4", "PythonApplication4\PythonApplication4.pyproj", "{F2EFF2F6-0AED-4E47-8ACF-C18F62DA5A40}"
EndProject
Global
	GlobalSection(SolutionConfigurationPlatforms) = preSolution
		Debug|Any CPU = Debug|Any CPU
		Release|Any CPU = Release|Any CPU
	EndGlobalSection
	GlobalSection(ProjectConfigurationPlatforms) = postSolution
		{F2EFF2F6-0AED-4E47-8ACF-C18F62DA5A40}.Debug|Any CPU.ActiveCfg = Debug|Any CPU
		{F2EFF2F6-0AED-4E47-8ACF-C18F62DA5A40}.Release|Any CPU.ActiveCfg = Release|Any CPU
	EndGlobalSection
	GlobalSection(SolutionProperties) = preSolution
		HideSolutionNode = FALSE
	EndGlobalSection
	GlobalSection(ExtensibilityGlobals) = postSolution
		SolutionGuid = {263F7305-2F1E-4D55-805C-09DED6416D81}
	EndGlobalSection
EndGlobal
